
Microsoft Visual Studio Solution File, Format Version 12.00
# Visual Studio 15
VisualStudioVersion = 15.0.28307.489
MinimumVisualStudioVersion = 10.0.40219.1
Project("{FAE04EC0-301F-11D3-BF4B-00C04F79EFBC}") = "OdeToFood", "OdeToFood\OdeToFood.csproj", "{EC6E5119-F3C6-4422-AD4E-616054C96100}"
EndProject
Project("{FAE04EC0-301F-11D3-BF4B-00C04F79EFBC}") = "OdeToFood.Core", "OdeToFood.Core\OdeToFood.Core.csproj", "{FE31B13B-63A4-4BAB-93F5-37B1A689089F}"
EndProject
Project("{FAE04EC0-301F-11D3-BF4B-00C04F79EFBC}") = "OdeToFood.Data", "OdeToFood.Data\OdeToFood.Data.csproj", "{1FB7A3A1-2090-405D-9999-56E6CBE218A2}"
EndProject
Global
	GlobalSection(SolutionConfigurationPlatforms) = preSolution
		Debug|Any CPU = Debug|Any CPU
		Release|Any CPU = Release|Any CPU
	EndGlobalSection
	GlobalSection(ProjectConfigurationPlatforms) = postSolution
		{EC6E5119-F3C6-4422-AD4E-616054C96100}.Debug|Any CPU.ActiveCfg = Debug|Any CPU
		{EC6E5119-F3C6-4422-AD4E-616054C96100}.Debug|Any CPU.Build.0 = Debug|Any CPU
		{EC6E5119-F3C6-4422-AD4E-616054C96100}.Release|Any CPU.ActiveCfg = Release|Any CPU
		{EC6E5119-F3C6-4422-AD4E-616054C96100}.Release|Any CPU.Build.0 = Release|Any CPU
		{FE31B13B-63A4-4BAB-93F5-37B1A689089F}.Debug|Any CPU.ActiveCfg = Debug|Any CPU
		{FE31B13B-63A4-4BAB-93F5-37B1A689089F}.Debug|Any CPU.Build.0 = Debug|Any CPU
		{FE31B13B-63A4-4BAB-93F5-37B1A689089F}.Release|Any CPU.ActiveCfg = Release|Any CPU
		{FE31B13B-63A4-4BAB-93F5-37B1A689089F}.Release|Any CPU.Build.0 = Release|Any CPU
		{1FB7A3A1-2090-405D-9999-56E6CBE218A2}.Debug|Any CPU.ActiveCfg = Debug|Any CPU
		{1FB7A3A1-2090-405D-9999-56E6CBE218A2}.Debug|Any CPU.Build.0 = Debug|Any CPU
		{1FB7A3A1-2090-405D-9999-56E6CBE218A2}.Release|Any CPU.ActiveCfg = Release|Any CPU
		{1FB7A3A1-2090-405D-9999-56E6CBE218A2}.Release|Any CPU.Build.0 = Release|Any CPU
	EndGlobalSection
	GlobalSection(SolutionProperties) = preSolution
		HideSolutionNode = FALSE
	EndGlobalSection
	GlobalSection(ExtensibilityGlobals) = postSolution
		SolutionGuid = {6FFB3AF1-70C3-48FE-AB5E-0ABC6BE99ACF}
	EndGlobalSection
EndGlobal
